
Microsoft Visual Studio Solution File, Format Version 12.00
# Visual Studio Version 16
VisualStudioVersion = 16.0.29920.165
MinimumVisualStudioVersion = 10.0.40219.1
Project("{FAE04EC0-301F-11D3-BF4B-00C04F79EFBC}") = "MiPrimerWebApi", "MiPrimerWebApi\MiPrimerWebApi.csproj", "{23D8E6C9-EA35-4CFA-8794-0AE35ED95DBB}"
EndProject
Global
	GlobalSection(SolutionConfigurationPlatforms) = preSolution
		Debug|Any CPU = Debug|Any CPU
		Release|Any CPU = Release|Any CPU
	EndGlobalSection
	GlobalSection(ProjectConfigurationPlatforms) = postSolution
		{23D8E6C9-EA35-4CFA-8794-0AE35ED95DBB}.Debug|Any CPU.ActiveCfg = Debug|Any CPU
		{23D8E6C9-EA35-4CFA-8794-0AE35ED95DBB}.Debug|Any CPU.Build.0 = Debug|Any CPU
		{23D8E6C9-EA35-4CFA-8794-0AE35ED95DBB}.Release|Any CPU.ActiveCfg = Release|Any CPU
		{23D8E6C9-EA35-4CFA-8794-0AE35ED95DBB}.Release|Any CPU.Build.0 = Release|Any CPU
	EndGlobalSection
	GlobalSection(SolutionProperties) = preSolution
		HideSolutionNode = FALSE
	EndGlobalSection
	GlobalSection(ExtensibilityGlobals) = postSolution
		SolutionGuid = {A04CC961-71D1-41AE-A2E5-2ADAB10511A8}
	EndGlobalSection
EndGlobal
